// !$*UTF8*$!
{
	archiveVersion = 1;
	classes = {
	};
	objectVersion = 46;
	objects = {

/* Begin PBXBuildFile section */
		386F2E7A1B003F3E00898E26 /* WBTitleButton.m in Sources */ = {isa = PBXBuildFile; fileRef = 386F2E791B003F3E00898E26 /* WBTitleButton.m */; };
		386F2E7D1B0055D400898E26 /* UIBarButtonItem+custom.m in Sources */ = {isa = PBXBuildFile; fileRef = 386F2E7C1B0055D400898E26 /* UIBarButtonItem+custom.m */; };
		386F2E851B005E1500898E26 /* WBNavigationController.m in Sources */ = {isa = PBXBuildFile; fileRef = 386F2E841B005E1500898E26 /* WBNavigationController.m */; };
		386F2E881B008DB000898E26 /* WBSearchBar.m in Sources */ = {isa = PBXBuildFile; fileRef = 386F2E871B008DB000898E26 /* WBSearchBar.m */; };
		386F2E8B1B008FAD00898E26 /* Account.m in Sources */ = {isa = PBXBuildFile; fileRef = 386F2E8A1B008FAD00898E26 /* Account.m */; };
		386F2EA01B008FBB00898E26 /* AFHTTPRequestOperation.m in Sources */ = {isa = PBXBuildFile; fileRef = 386F2E8E1B008FBB00898E26 /* AFHTTPRequestOperation.m */; };
		386F2EA11B008FBB00898E26 /* AFHTTPRequestOperationManager.m in Sources */ = {isa = PBXBuildFile; fileRef = 386F2E901B008FBB00898E26 /* AFHTTPRequestOperationManager.m */; };
		386F2EA21B008FBB00898E26 /* AFHTTPSessionManager.m in Sources */ = {isa = PBXBuildFile; fileRef = 386F2E921B008FBB00898E26 /* AFHTTPSessionManager.m */; };
		386F2EA31B008FBB00898E26 /* AFNetworkReachabilityManager.m in Sources */ = {isa = PBXBuildFile; fileRef = 386F2E951B008FBB00898E26 /* AFNetworkReachabilityManager.m */; };
		386F2EA41B008FBB00898E26 /* AFSecurityPolicy.m in Sources */ = {isa = PBXBuildFile; fileRef = 386F2E971B008FBB00898E26 /* AFSecurityPolicy.m */; };
		386F2EA51B008FBB00898E26 /* AFURLConnectionOperation.m in Sources */ = {isa = PBXBuildFile; fileRef = 386F2E991B008FBB00898E26 /* AFURLConnectionOperation.m */; };
		386F2EA61B008FBB00898E26 /* AFURLRequestSerialization.m in Sources */ = {isa = PBXBuildFile; fileRef = 386F2E9B1B008FBB00898E26 /* AFURLRequestSerialization.m */; };
		386F2EA71B008FBB00898E26 /* AFURLResponseSerialization.m in Sources */ = {isa = PBXBuildFile; fileRef = 386F2E9D1B008FBB00898E26 /* AFURLResponseSerialization.m */; };
		386F2EA81B008FBB00898E26 /* AFURLSessionManager.m in Sources */ = {isa = PBXBuildFile; fileRef = 386F2E9F1B008FBB00898E26 /* AFURLSessionManager.m */; };
		386F2EAD1B008FE100898E26 /* AccountManager.m in Sources */ = {isa = PBXBuildFile; fileRef = 386F2EAC1B008FE100898E26 /* AccountManager.m */; };
		386F2EB11B00900F00898E26 /* OAuth2ViewController.m in Sources */ = {isa = PBXBuildFile; fileRef = 386F2EB01B00900F00898E26 /* OAuth2ViewController.m */; };
		386F2EB41B00901C00898E26 /* SinaAPIConstant.m in Sources */ = {isa = PBXBuildFile; fileRef = 386F2EB31B00901C00898E26 /* SinaAPIConstant.m */; };
		386F2EB71B0097D600898E26 /* WBNewFeatureViewController.m in Sources */ = {isa = PBXBuildFile; fileRef = 386F2EB61B0097D600898E26 /* WBNewFeatureViewController.m */; };
		BF2494801AFB589E00458AE2 /* WBTabbar.m in Sources */ = {isa = PBXBuildFile; fileRef = BF24947F1AFB589E00458AE2 /* WBTabbar.m */; };
		BF47C2EA1AFB40DA00E3EA53 /* Foundation.framework in Frameworks */ = {isa = PBXBuildFile; fileRef = BF47C2E91AFB40DA00E3EA53 /* Foundation.framework */; };
		BF47C2EC1AFB40DA00E3EA53 /* CoreGraphics.framework in Frameworks */ = {isa = PBXBuildFile; fileRef = BF47C2EB1AFB40DA00E3EA53 /* CoreGraphics.framework */; };
		BF47C2EE1AFB40DA00E3EA53 /* UIKit.framework in Frameworks */ = {isa = PBXBuildFile; fileRef = BF47C2ED1AFB40DA00E3EA53 /* UIKit.framework */; };
		BF47C2F41AFB40DA00E3EA53 /* InfoPlist.strings in Resources */ = {isa = PBXBuildFile; fileRef = BF47C2F21AFB40DA00E3EA53 /* InfoPlist.strings */; };
		BF47C2F61AFB40DA00E3EA53 /* main.m in Sources */ = {isa = PBXBuildFile; fileRef = BF47C2F51AFB40DA00E3EA53 /* main.m */; };
		BF47C2FA1AFB40DA00E3EA53 /* WBAppDelegate.m in Sources */ = {isa = PBXBuildFile; fileRef = BF47C2F91AFB40DA00E3EA53 /* WBAppDelegate.m */; };
		BF47C2FC1AFB40DA00E3EA53 /* Images.xcassets in Resources */ = {isa = PBXBuildFile; fileRef = BF47C2FB1AFB40DA00E3EA53 /* Images.xcassets */; };
		BF47C3031AFB40DA00E3EA53 /* XCTest.framework in Frameworks */ = {isa = PBXBuildFile; fileRef = BF47C3021AFB40DA00E3EA53 /* XCTest.framework */; };
		BF47C3041AFB40DA00E3EA53 /* Foundation.framework in Frameworks */ = {isa = PBXBuildFile; fileRef = BF47C2E91AFB40DA00E3EA53 /* Foundation.framework */; };
		BF47C3051AFB40DA00E3EA53 /* UIKit.framework in Frameworks */ = {isa = PBXBuildFile; fileRef = BF47C2ED1AFB40DA00E3EA53 /* UIKit.framework */; };
		BF47C30D1AFB40DA00E3EA53 /* InfoPlist.strings in Resources */ = {isa = PBXBuildFile; fileRef = BF47C30B1AFB40DA00E3EA53 /* InfoPlist.strings */; };
		BF47C30F1AFB40DA00E3EA53 /* _____03___Tests.m in Sources */ = {isa = PBXBuildFile; fileRef = BF47C30E1AFB40DA00E3EA53 /* _____03___Tests.m */; };
		BF47C31D1AFB46F700E3EA53 /* WBHomeTableViewController.m in Sources */ = {isa = PBXBuildFile; fileRef = BF47C31C1AFB46F700E3EA53 /* WBHomeTableViewController.m */; };
		BF47C3201AFB471000E3EA53 /* WBMessageTableViewController.m in Sources */ = {isa = PBXBuildFile; fileRef = BF47C31F1AFB471000E3EA53 /* WBMessageTableViewController.m */; };
		BF47C3321AFB4E0600E3EA53 /* WBProfileTableViewController.m in Sources */ = {isa = PBXBuildFile; fileRef = BF47C3311AFB4E0600E3EA53 /* WBProfileTableViewController.m */; };
		BF47C3351AFB4E1E00E3EA53 /* WBDiscoveryTableViewController.m in Sources */ = {isa = PBXBuildFile; fileRef = BF47C3341AFB4E1E00E3EA53 /* WBDiscoveryTableViewController.m */; };
		BF940A3C1AFCD48A007B65F4 /* WBBadgeButton.m in Sources */ = {isa = PBXBuildFile; fileRef = BF940A381AFCD48A007B65F4 /* WBBadgeButton.m */; };
		BF940A3D1AFCD48A007B65F4 /* WBTabbarButton.m in Sources */ = {isa = PBXBuildFile; fileRef = BF940A3A1AFCD48A007B65F4 /* WBTabbarButton.m */; };
		BF940A3E1AFCD48A007B65F4 /* WBTabBarViewController.m in Sources */ = {isa = PBXBuildFile; fileRef = BF940A3B1AFCD48A007B65F4 /* WBTabBarViewController.m */; };
/* End PBXBuildFile section */

/* Begin PBXContainerItemProxy section */
		BF47C3061AFB40DA00E3EA53 /* PBXContainerItemProxy */ = {
			isa = PBXContainerItemProxy;
			containerPortal = BF47C2DE1AFB40DA00E3EA53 /* Project object */;
			proxyType = 1;
			remoteGlobalIDString = BF47C2E51AFB40DA00E3EA53;
			remoteInfo = "新浪微博-03主框架";
		};
/* End PBXContainerItemProxy section */

/* Begin PBXFileReference section */
		386F2E781B003F3E00898E26 /* WBTitleButton.h */ = {isa = PBXFileReference; fileEncoding = 4; lastKnownFileType = sourcecode.c.h; path = WBTitleButton.h; sourceTree = "<group>"; };
		386F2E791B003F3E00898E26 /* WBTitleButton.m */ = {isa = PBXFileReference; fileEncoding = 4; lastKnownFileType = sourcecode.c.objc; path = WBTitleButton.m; sourceTree = "<group>"; };
		386F2E7B1B0055D400898E26 /* UIBarButtonItem+custom.h */ = {isa = PBXFileReference; fileEncoding = 4; lastKnownFileType = sourcecode.c.h; name = "UIBarButtonItem+custom.h"; path = "新浪微博-03主框架/common/UIBarButtonItem+custom.h"; sourceTree = SOURCE_ROOT; };
		386F2E7C1B0055D400898E26 /* UIBarButtonItem+custom.m */ = {isa = PBXFileReference; fileEncoding = 4; lastKnownFileType = sourcecode.c.objc; name = "UIBarButtonItem+custom.m"; path = "新浪微博-03主框架/common/UIBarButtonItem+custom.m"; sourceTree = SOURCE_ROOT; };
		386F2E831B005E1500898E26 /* WBNavigationController.h */ = {isa = PBXFileReference; fileEncoding = 4; lastKnownFileType = sourcecode.c.h; path = WBNavigationController.h; sourceTree = "<group>"; };
		386F2E841B005E1500898E26 /* WBNavigationController.m */ = {isa = PBXFileReference; fileEncoding = 4; lastKnownFileType = sourcecode.c.objc; path = WBNavigationController.m; sourceTree = "<group>"; };
		386F2E861B008DB000898E26 /* WBSearchBar.h */ = {isa = PBXFileReference; fileEncoding = 4; lastKnownFileType = sourcecode.c.h; name = WBSearchBar.h; path = "新浪微博-03主框架/discover/WBSearchBar.h"; sourceTree = SOURCE_ROOT; };
		386F2E871B008DB000898E26 /* WBSearchBar.m */ = {isa = PBXFileReference; fileEncoding = 4; lastKnownFileType = sourcecode.c.objc; name = WBSearchBar.m; path = ../discover/WBSearchBar.m; sourceTree = "<group>"; };
		386F2E891B008FAD00898E26 /* Account.h */ = {isa = PBXFileReference; fileEncoding = 4; lastKnownFileType = sourcecode.c.h; path = Account.h; sourceTree = "<group>"; };
		386F2E8A1B008FAD00898E26 /* Account.m */ = {isa = PBXFileReference; fileEncoding = 4; lastKnownFileType = sourcecode.c.objc; path = Account.m; sourceTree = "<group>"; };
		386F2E8D1B008FBB00898E26 /* AFHTTPRequestOperation.h */ = {isa = PBXFileReference; fileEncoding = 4; lastKnownFileType = sourcecode.c.h; path = AFHTTPRequestOperation.h; sourceTree = "<group>"; };
		386F2E8E1B008FBB00898E26 /* AFHTTPRequestOperation.m */ = {isa = PBXFileReference; fileEncoding = 4; lastKnownFileType = sourcecode.c.objc; path = AFHTTPRequestOperation.m; sourceTree = "<group>"; };
		386F2E8F1B008FBB00898E26 /* AFHTTPRequestOperationManager.h */ = {isa = PBXFileReference; fileEncoding = 4; lastKnownFileType = sourcecode.c.h; path = AFHTTPRequestOperationManager.h; sourceTree = "<group>"; };
		386F2E901B008FBB00898E26 /* AFHTTPRequestOperationManager.m */ = {isa = PBXFileReference; fileEncoding = 4; lastKnownFileType = sourcecode.c.objc; path = AFHTTPRequestOperationManager.m; sourceTree = "<group>"; };
		386F2E911B008FBB00898E26 /* AFHTTPSessionManager.h */ = {isa = PBXFileReference; fileEncoding = 4; lastKnownFileType = sourcecode.c.h; path = AFHTTPSessionManager.h; sourceTree = "<group>"; };
		386F2E921B008FBB00898E26 /* AFHTTPSessionManager.m */ = {isa = PBXFileReference; fileEncoding = 4; lastKnownFileType = sourcecode.c.objc; path = AFHTTPSessionManager.m; sourceTree = "<group>"; };
		386F2E931B008FBB00898E26 /* AFNetworking.h */ = {isa = PBXFileReference; fileEncoding = 4; lastKnownFileType = sourcecode.c.h; path = AFNetworking.h; sourceTree = "<group>"; };
		386F2E941B008FBB00898E26 /* AFNetworkReachabilityManager.h */ = {isa = PBXFileReference; fileEncoding = 4; lastKnownFileType = sourcecode.c.h; path = AFNetworkReachabilityManager.h; sourceTree = "<group>"; };
		386F2E951B008FBB00898E26 /* AFNetworkReachabilityManager.m */ = {isa = PBXFileReference; fileEncoding = 4; lastKnownFileType = sourcecode.c.objc; path = AFNetworkReachabilityManager.m; sourceTree = "<group>"; };
		386F2E961B008FBB00898E26 /* AFSecurityPolicy.h */ = {isa = PBXFileReference; fileEncoding = 4; lastKnownFileType = sourcecode.c.h; path = AFSecurityPolicy.h; sourceTree = "<group>"; };
		386F2E971B008FBB00898E26 /* AFSecurityPolicy.m */ = {isa = PBXFileReference; fileEncoding = 4; lastKnownFileType = sourcecode.c.objc; path = AFSecurityPolicy.m; sourceTree = "<group>"; };
		386F2E981B008FBB00898E26 /* AFURLConnectionOperation.h */ = {isa = PBXFileReference; fileEncoding = 4; lastKnownFileType = sourcecode.c.h; path = AFURLConnectionOperation.h; sourceTree = "<group>"; };
		386F2E991B008FBB00898E26 /* AFURLConnectionOperation.m */ = {isa = PBXFileReference; fileEncoding = 4; lastKnownFileType = sourcecode.c.objc; path = AFURLConnectionOperation.m; sourceTree = "<group>"; };
		386F2E9A1B008FBB00898E26 /* AFURLRequestSerialization.h */ = {isa = PBXFileReference; fileEncoding = 4; lastKnownFileType = sourcecode.c.h; path = AFURLRequestSerialization.h; sourceTree = "<group>"; };
		386F2E9B1B008FBB00898E26 /* AFURLRequestSerialization.m */ = {isa = PBXFileReference; fileEncoding = 4; lastKnownFileType = sourcecode.c.objc; path = AFURLRequestSerialization.m; sourceTree = "<group>"; };
		386F2E9C1B008FBB00898E26 /* AFURLResponseSerialization.h */ = {isa = PBXFileReference; fileEncoding = 4; lastKnownFileType = sourcecode.c.h; path = AFURLResponseSerialization.h; sourceTree = "<group>"; };
		386F2E9D1B008FBB00898E26 /* AFURLResponseSerialization.m */ = {isa = PBXFileReference; fileEncoding = 4; lastKnownFileType = sourcecode.c.objc; path = AFURLResponseSerialization.m; sourceTree = "<group>"; };
		386F2E9E1B008FBB00898E26 /* AFURLSessionManager.h */ = {isa = PBXFileReference; fileEncoding = 4; lastKnownFileType = sourcecode.c.h; path = AFURLSessionManager.h; sourceTree = "<group>"; };
		386F2E9F1B008FBB00898E26 /* AFURLSessionManager.m */ = {isa = PBXFileReference; fileEncoding = 4; lastKnownFileType = sourcecode.c.objc; path = AFURLSessionManager.m; sourceTree = "<group>"; };
		386F2EAB1B008FE100898E26 /* AccountManager.h */ = {isa = PBXFileReference; fileEncoding = 4; lastKnownFileType = sourcecode.c.h; path = AccountManager.h; sourceTree = "<group>"; };
		386F2EAC1B008FE100898E26 /* AccountManager.m */ = {isa = PBXFileReference; fileEncoding = 4; lastKnownFileType = sourcecode.c.objc; path = AccountManager.m; sourceTree = "<group>"; };
		386F2EAF1B00900F00898E26 /* OAuth2ViewController.h */ = {isa = PBXFileReference; fileEncoding = 4; lastKnownFileType = sourcecode.c.h; path = OAuth2ViewController.h; sourceTree = "<group>"; };
		386F2EB01B00900F00898E26 /* OAuth2ViewController.m */ = {isa = PBXFileReference; fileEncoding = 4; lastKnownFileType = sourcecode.c.objc; path = OAuth2ViewController.m; sourceTree = "<group>"; };
		386F2EB21B00901C00898E26 /* SinaAPIConstant.h */ = {isa = PBXFileReference; fileEncoding = 4; lastKnownFileType = sourcecode.c.h; path = SinaAPIConstant.h; sourceTree = "<group>"; };
		386F2EB31B00901C00898E26 /* SinaAPIConstant.m */ = {isa = PBXFileReference; fileEncoding = 4; lastKnownFileType = sourcecode.c.objc; path = SinaAPIConstant.m; sourceTree = "<group>"; };
		386F2EB51B0097D600898E26 /* WBNewFeatureViewController.h */ = {isa = PBXFileReference; fileEncoding = 4; lastKnownFileType = sourcecode.c.h; path = WBNewFeatureViewController.h; sourceTree = "<group>"; };
		386F2EB61B0097D600898E26 /* WBNewFeatureViewController.m */ = {isa = PBXFileReference; fileEncoding = 4; lastKnownFileType = sourcecode.c.objc; path = WBNewFeatureViewController.m; sourceTree = "<group>"; };
		BF24947E1AFB589E00458AE2 /* WBTabbar.h */ = {isa = PBXFileReference; fileEncoding = 4; lastKnownFileType = sourcecode.c.h; path = WBTabbar.h; sourceTree = "<group>"; };
		BF24947F1AFB589E00458AE2 /* WBTabbar.m */ = {isa = PBXFileReference; fileEncoding = 4; lastKnownFileType = sourcecode.c.objc; path = WBTabbar.m; sourceTree = "<group>"; };
		BF47C2E61AFB40DA00E3EA53 /* 新浪微博-03主框架.app */ = {isa = PBXFileReference; explicitFileType = wrapper.application; includeInIndex = 0; path = "新浪微博-03主框架.app"; sourceTree = BUILT_PRODUCTS_DIR; };
		BF47C2E91AFB40DA00E3EA53 /* Foundation.framework */ = {isa = PBXFileReference; lastKnownFileType = wrapper.framework; name = Foundation.framework; path = System/Library/Frameworks/Foundation.framework; sourceTree = SDKROOT; };
		BF47C2EB1AFB40DA00E3EA53 /* CoreGraphics.framework */ = {isa = PBXFileReference; lastKnownFileType = wrapper.framework; name = CoreGraphics.framework; path = System/Library/Frameworks/CoreGraphics.framework; sourceTree = SDKROOT; };
		BF47C2ED1AFB40DA00E3EA53 /* UIKit.framework */ = {isa = PBXFileReference; lastKnownFileType = wrapper.framework; name = UIKit.framework; path = System/Library/Frameworks/UIKit.framework; sourceTree = SDKROOT; };
		BF47C2F11AFB40DA00E3EA53 /* 新浪微博-03主框架-Info.plist */ = {isa = PBXFileReference; lastKnownFileType = text.plist.xml; path = "新浪微博-03主框架-Info.plist"; sourceTree = "<group>"; };
		BF47C2F31AFB40DA00E3EA53 /* en */ = {isa = PBXFileReference; lastKnownFileType = text.plist.strings; name = en; path = en.lproj/InfoPlist.strings; sourceTree = "<group>"; };
		BF47C2F51AFB40DA00E3EA53 /* main.m */ = {isa = PBXFileReference; lastKnownFileType = sourcecode.c.objc; path = main.m; sourceTree = "<group>"; };
		BF47C2F71AFB40DA00E3EA53 /* 新浪微博-03主框架-Prefix.pch */ = {isa = PBXFileReference; lastKnownFileType = sourcecode.c.h; path = "新浪微博-03主框架-Prefix.pch"; sourceTree = "<group>"; };
		BF47C2F81AFB40DA00E3EA53 /* WBAppDelegate.h */ = {isa = PBXFileReference; lastKnownFileType = sourcecode.c.h; path = WBAppDelegate.h; sourceTree = "<group>"; };
		BF47C2F91AFB40DA00E3EA53 /* WBAppDelegate.m */ = {isa = PBXFileReference; lastKnownFileType = sourcecode.c.objc; path = WBAppDelegate.m; sourceTree = "<group>"; };
		BF47C2FB1AFB40DA00E3EA53 /* Images.xcassets */ = {isa = PBXFileReference; lastKnownFileType = folder.assetcatalog; path = Images.xcassets; sourceTree = "<group>"; };
		BF47C3011AFB40DA00E3EA53 /* 新浪微博-03主框架Tests.xctest */ = {isa = PBXFileReference; explicitFileType = wrapper.cfbundle; includeInIndex = 0; path = "新浪微博-03主框架Tests.xctest"; sourceTree = BUILT_PRODUCTS_DIR; };
		BF47C3021AFB40DA00E3EA53 /* XCTest.framework */ = {isa = PBXFileReference; lastKnownFileType = wrapper.framework; name = XCTest.framework; path = Library/Frameworks/XCTest.framework; sourceTree = DEVELOPER_DIR; };
		BF47C30A1AFB40DA00E3EA53 /* 新浪微博-03主框架Tests-Info.plist */ = {isa = PBXFileReference; lastKnownFileType = text.plist.xml; path = "新浪微博-03主框架Tests-Info.plist"; sourceTree = "<group>"; };
		BF47C30C1AFB40DA00E3EA53 /* en */ = {isa = PBXFileReference; lastKnownFileType = text.plist.strings; name = en; path = en.lproj/InfoPlist.strings; sourceTree = "<group>"; };
		BF47C30E1AFB40DA00E3EA53 /* _____03___Tests.m */ = {isa = PBXFileReference; lastKnownFileType = sourcecode.c.objc; path = "_____03___Tests.m"; sourceTree = "<group>"; };
		BF47C3181AFB432B00E3EA53 /* WBTabBarViewController.h */ = {isa = PBXFileReference; fileEncoding = 4; lastKnownFileType = sourcecode.c.h; path = WBTabBarViewController.h; sourceTree = "<group>"; };
		BF47C31B1AFB46F700E3EA53 /* WBHomeTableViewController.h */ = {isa = PBXFileReference; fileEncoding = 4; lastKnownFileType = sourcecode.c.h; path = WBHomeTableViewController.h; sourceTree = "<group>"; };
		BF47C31C1AFB46F700E3EA53 /* WBHomeTableViewController.m */ = {isa = PBXFileReference; fileEncoding = 4; lastKnownFileType = sourcecode.c.objc; path = WBHomeTableViewController.m; sourceTree = "<group>"; };
		BF47C31E1AFB471000E3EA53 /* WBMessageTableViewController.h */ = {isa = PBXFileReference; fileEncoding = 4; lastKnownFileType = sourcecode.c.h; path = WBMessageTableViewController.h; sourceTree = "<group>"; };
		BF47C31F1AFB471000E3EA53 /* WBMessageTableViewController.m */ = {isa = PBXFileReference; fileEncoding = 4; lastKnownFileType = sourcecode.c.objc; path = WBMessageTableViewController.m; sourceTree = "<group>"; };
		BF47C3301AFB4E0600E3EA53 /* WBProfileTableViewController.h */ = {isa = PBXFileReference; fileEncoding = 4; lastKnownFileType = sourcecode.c.h; path = WBProfileTableViewController.h; sourceTree = "<group>"; };
		BF47C3311AFB4E0600E3EA53 /* WBProfileTableViewController.m */ = {isa = PBXFileReference; fileEncoding = 4; lastKnownFileType = sourcecode.c.objc; path = WBProfileTableViewController.m; sourceTree = "<group>"; };
		BF47C3331AFB4E1E00E3EA53 /* WBDiscoveryTableViewController.h */ = {isa = PBXFileReference; fileEncoding = 4; lastKnownFileType = sourcecode.c.h; path = WBDiscoveryTableViewController.h; sourceTree = "<group>"; };
		BF47C3341AFB4E1E00E3EA53 /* WBDiscoveryTableViewController.m */ = {isa = PBXFileReference; fileEncoding = 4; lastKnownFileType = sourcecode.c.objc; path = WBDiscoveryTableViewController.m; sourceTree = "<group>"; };
		BF940A371AFCD48A007B65F4 /* WBBadgeButton.h */ = {isa = PBXFileReference; fileEncoding = 4; lastKnownFileType = sourcecode.c.h; path = WBBadgeButton.h; sourceTree = "<group>"; };
		BF940A381AFCD48A007B65F4 /* WBBadgeButton.m */ = {isa = PBXFileReference; fileEncoding = 4; lastKnownFileType = sourcecode.c.objc; path = WBBadgeButton.m; sourceTree = "<group>"; };
		BF940A391AFCD48A007B65F4 /* WBTabbarButton.h */ = {isa = PBXFileReference; fileEncoding = 4; lastKnownFileType = sourcecode.c.h; path = WBTabbarButton.h; sourceTree = "<group>"; };
		BF940A3A1AFCD48A007B65F4 /* WBTabbarButton.m */ = {isa = PBXFileReference; fileEncoding = 4; lastKnownFileType = sourcecode.c.objc; path = WBTabbarButton.m; sourceTree = "<group>"; };
		BF940A3B1AFCD48A007B65F4 /* WBTabBarViewController.m */ = {isa = PBXFileReference; fileEncoding = 4; lastKnownFileType = sourcecode.c.objc; path = WBTabBarViewController.m; sourceTree = "<group>"; };
/* End PBXFileReference section */

/* Begin PBXFrameworksBuildPhase section */
		BF47C2E31AFB40DA00E3EA53 /* Frameworks */ = {
			isa = PBXFrameworksBuildPhase;
			buildActionMask = 2147483647;
			files = (
				BF47C2EC1AFB40DA00E3EA53 /* CoreGraphics.framework in Frameworks */,
				BF47C2EE1AFB40DA00E3EA53 /* UIKit.framework in Frameworks */,
				BF47C2EA1AFB40DA00E3EA53 /* Foundation.framework in Frameworks */,
			);
			runOnlyForDeploymentPostprocessing = 0;
		};
		BF47C2FE1AFB40DA00E3EA53 /* Frameworks */ = {
			isa = PBXFrameworksBuildPhase;
			buildActionMask = 2147483647;
			files = (
				BF47C3031AFB40DA00E3EA53 /* XCTest.framework in Frameworks */,
				BF47C3051AFB40DA00E3EA53 /* UIKit.framework in Frameworks */,
				BF47C3041AFB40DA00E3EA53 /* Foundation.framework in Frameworks */,
			);
			runOnlyForDeploymentPostprocessing = 0;
		};
/* End PBXFrameworksBuildPhase section */

/* Begin PBXGroup section */
		386F2E7E1B00564500898E26 /* common */ = {
			isa = PBXGroup;
			children = (
				386F2E861B008DB000898E26 /* WBSearchBar.h */,
				386F2E871B008DB000898E26 /* WBSearchBar.m */,
				386F2E7B1B0055D400898E26 /* UIBarButtonItem+custom.h */,
				386F2E7C1B0055D400898E26 /* UIBarButtonItem+custom.m */,
				386F2EB51B0097D600898E26 /* WBNewFeatureViewController.h */,
				386F2EB61B0097D600898E26 /* WBNewFeatureViewController.m */,
			);
			name = common;
			path = "新浪微博-03主框架/common";
			sourceTree = SOURCE_ROOT;
		};
		386F2E7F1B005CF400898E26 /* navigationController(自定义) */ = {
			isa = PBXGroup;
			children = (
				386F2E831B005E1500898E26 /* WBNavigationController.h */,
				386F2E841B005E1500898E26 /* WBNavigationController.m */,
			);
			name = "navigationController(自定义)";
			path = "新浪微博-03主框架/navigationcontroller";
			sourceTree = SOURCE_ROOT;
		};
		386F2E8C1B008FBB00898E26 /* AFNetworking */ = {
			isa = PBXGroup;
			children = (
				386F2E8D1B008FBB00898E26 /* AFHTTPRequestOperation.h */,
				386F2E8E1B008FBB00898E26 /* AFHTTPRequestOperation.m */,
				386F2E8F1B008FBB00898E26 /* AFHTTPRequestOperationManager.h */,
				386F2E901B008FBB00898E26 /* AFHTTPRequestOperationManager.m */,
				386F2E911B008FBB00898E26 /* AFHTTPSessionManager.h */,
				386F2E921B008FBB00898E26 /* AFHTTPSessionManager.m */,
				386F2E931B008FBB00898E26 /* AFNetworking.h */,
				386F2E941B008FBB00898E26 /* AFNetworkReachabilityManager.h */,
				386F2E951B008FBB00898E26 /* AFNetworkReachabilityManager.m */,
				386F2E961B008FBB00898E26 /* AFSecurityPolicy.h */,
				386F2E971B008FBB00898E26 /* AFSecurityPolicy.m */,
				386F2E981B008FBB00898E26 /* AFURLConnectionOperation.h */,
				386F2E991B008FBB00898E26 /* AFURLConnectionOperation.m */,
				386F2E9A1B008FBB00898E26 /* AFURLRequestSerialization.h */,
				386F2E9B1B008FBB00898E26 /* AFURLRequestSerialization.m */,
				386F2E9C1B008FBB00898E26 /* AFURLResponseSerialization.h */,
				386F2E9D1B008FBB00898E26 /* AFURLResponseSerialization.m */,
				386F2E9E1B008FBB00898E26 /* AFURLSessionManager.h */,
				386F2E9F1B008FBB00898E26 /* AFURLSessionManager.m */,
			);
			path = AFNetworking;
			sourceTree = "<group>";
		};
		386F2EA91B008FC700898E26 /* model */ = {
			isa = PBXGroup;
			children = (
				386F2EAB1B008FE100898E26 /* AccountManager.h */,
				386F2E891B008FAD00898E26 /* Account.h */,
				386F2E8A1B008FAD00898E26 /* Account.m */,
				386F2EAC1B008FE100898E26 /* AccountManager.m */,
			);
			name = model;
			path = "新浪微博-03主框架/home";
			sourceTree = SOURCE_ROOT;
		};
		386F2EAA1B008FD300898E26 /* view */ = {
			isa = PBXGroup;
			children = (
				386F2E781B003F3E00898E26 /* WBTitleButton.h */,
				386F2E791B003F3E00898E26 /* WBTitleButton.m */,
			);
			name = view;
			path = "新浪微博-03主框架/home";
			sourceTree = SOURCE_ROOT;
		};
		386F2EAE1B008FF800898E26 /* controller */ = {
			isa = PBXGroup;
			children = (
				BF47C31B1AFB46F700E3EA53 /* WBHomeTableViewController.h */,
				BF47C31C1AFB46F700E3EA53 /* WBHomeTableViewController.m */,
				386F2EAF1B00900F00898E26 /* OAuth2ViewController.h */,
				386F2EB01B00900F00898E26 /* OAuth2ViewController.m */,
			);
			name = controller;
			path = "新浪微博-03主框架/home";
			sourceTree = SOURCE_ROOT;
		};
		BF47C2DD1AFB40DA00E3EA53 = {
			isa = PBXGroup;
			children = (
				BF47C2EF1AFB40DA00E3EA53 /* 新浪微博-03主框架 */,
				BF47C3081AFB40DA00E3EA53 /* 新浪微博-03主框架Tests */,
				BF47C2E81AFB40DA00E3EA53 /* Frameworks */,
				BF47C2E71AFB40DA00E3EA53 /* Products */,
			);
			sourceTree = "<group>";
		};
		BF47C2E71AFB40DA00E3EA53 /* Products */ = {
			isa = PBXGroup;
			children = (
				BF47C2E61AFB40DA00E3EA53 /* 新浪微博-03主框架.app */,
				BF47C3011AFB40DA00E3EA53 /* 新浪微博-03主框架Tests.xctest */,
			);
			name = Products;
			sourceTree = "<group>";
		};
		BF47C2E81AFB40DA00E3EA53 /* Frameworks */ = {
			isa = PBXGroup;
			children = (
				BF47C2E91AFB40DA00E3EA53 /* Foundation.framework */,
				BF47C2EB1AFB40DA00E3EA53 /* CoreGraphics.framework */,
				BF47C2ED1AFB40DA00E3EA53 /* UIKit.framework */,
				BF47C3021AFB40DA00E3EA53 /* XCTest.framework */,
			);
			name = Frameworks;
			sourceTree = "<group>";
		};
		BF47C2EF1AFB40DA00E3EA53 /* 新浪微博-03主框架 */ = {
			isa = PBXGroup;
			children = (
				386F2E7F1B005CF400898E26 /* navigationController(自定义) */,
				386F2E7E1B00564500898E26 /* common */,
				BF47C32F1AFB497A00E3EA53 /* tabBarController(自定义) */,
				BF47C32E1AFB494E00E3EA53 /* lib */,
				BF47C32D1AFB489100E3EA53 /* profile(我) */,
				BF47C32C1AFB487D00E3EA53 /* discover(发现) */,
				BF47C32B1AFB486D00E3EA53 /* message(消息) */,
				BF47C32A1AFB47EC00E3EA53 /* home(首页) */,
				BF47C2FB1AFB40DA00E3EA53 /* Images.xcassets */,
				BF47C2F01AFB40DA00E3EA53 /* Supporting Files */,
			);
			path = "新浪微博-03主框架";
			sourceTree = "<group>";
		};
		BF47C2F01AFB40DA00E3EA53 /* Supporting Files */ = {
			isa = PBXGroup;
			children = (
				BF47C2F81AFB40DA00E3EA53 /* WBAppDelegate.h */,
				BF47C2F91AFB40DA00E3EA53 /* WBAppDelegate.m */,
				BF47C2F11AFB40DA00E3EA53 /* 新浪微博-03主框架-Info.plist */,
				BF47C2F21AFB40DA00E3EA53 /* InfoPlist.strings */,
				BF47C2F51AFB40DA00E3EA53 /* main.m */,
				BF47C2F71AFB40DA00E3EA53 /* 新浪微博-03主框架-Prefix.pch */,
			);
			name = "Supporting Files";
			sourceTree = "<group>";
		};
		BF47C3081AFB40DA00E3EA53 /* 新浪微博-03主框架Tests */ = {
			isa = PBXGroup;
			children = (
				BF47C30E1AFB40DA00E3EA53 /* _____03___Tests.m */,
				BF47C3091AFB40DA00E3EA53 /* Supporting Files */,
			);
			path = "新浪微博-03主框架Tests";
			sourceTree = "<group>";
		};
		BF47C3091AFB40DA00E3EA53 /* Supporting Files */ = {
			isa = PBXGroup;
			children = (
				BF47C30A1AFB40DA00E3EA53 /* 新浪微博-03主框架Tests-Info.plist */,
				BF47C30B1AFB40DA00E3EA53 /* InfoPlist.strings */,
			);
			name = "Supporting Files";
			sourceTree = "<group>";
		};
		BF47C32A1AFB47EC00E3EA53 /* home(首页) */ = {
			isa = PBXGroup;
			children = (
				386F2EB21B00901C00898E26 /* SinaAPIConstant.h */,
				386F2EB31B00901C00898E26 /* SinaAPIConstant.m */,
				386F2EAE1B008FF800898E26 /* controller */,
				386F2EAA1B008FD300898E26 /* view */,
				386F2EA91B008FC700898E26 /* model */,
			);
			name = "home(首页)";
			path = "新浪微博-03主框架/home";
			sourceTree = SOURCE_ROOT;
		};
		BF47C32B1AFB486D00E3EA53 /* message(消息) */ = {
			isa = PBXGroup;
			children = (
				BF47C31E1AFB471000E3EA53 /* WBMessageTableViewController.h */,
				BF47C31F1AFB471000E3EA53 /* WBMessageTableViewController.m */,
			);
			name = "message(消息)";
			path = "新浪微博-03主框架/message";
			sourceTree = SOURCE_ROOT;
		};
		BF47C32C1AFB487D00E3EA53 /* discover(发现) */ = {
			isa = PBXGroup;
			children = (
				BF47C3331AFB4E1E00E3EA53 /* WBDiscoveryTableViewController.h */,
				BF47C3341AFB4E1E00E3EA53 /* WBDiscoveryTableViewController.m */,
			);
			name = "discover(发现)";
			path = "新浪微博-03主框架/discover";
			sourceTree = SOURCE_ROOT;
		};
		BF47C32D1AFB489100E3EA53 /* profile(我) */ = {
			isa = PBXGroup;
			children = (
				BF47C3301AFB4E0600E3EA53 /* WBProfileTableViewController.h */,
				BF47C3311AFB4E0600E3EA53 /* WBProfileTableViewController.m */,
			);
			name = "profile(我)";
			path = "新浪微博-03主框架/profille";
			sourceTree = SOURCE_ROOT;
		};
		BF47C32E1AFB494E00E3EA53 /* lib */ = {
			isa = PBXGroup;
			children = (
				386F2E8C1B008FBB00898E26 /* AFNetworking */,
			);
			name = lib;
			path = "新浪微博-03主框架";
			sourceTree = SOURCE_ROOT;
		};
		BF47C32F1AFB497A00E3EA53 /* tabBarController(自定义) */ = {
			isa = PBXGroup;
			children = (
				BF940A371AFCD48A007B65F4 /* WBBadgeButton.h */,
				BF940A381AFCD48A007B65F4 /* WBBadgeButton.m */,
				BF940A391AFCD48A007B65F4 /* WBTabbarButton.h */,
				BF940A3A1AFCD48A007B65F4 /* WBTabbarButton.m */,
				BF47C3181AFB432B00E3EA53 /* WBTabBarViewController.h */,
				BF940A3B1AFCD48A007B65F4 /* WBTabBarViewController.m */,
				BF24947E1AFB589E00458AE2 /* WBTabbar.h */,
				BF24947F1AFB589E00458AE2 /* WBTabbar.m */,
			);
			name = "tabBarController(自定义)";
			path = "新浪微博-03主框架/tabBarController";
			sourceTree = SOURCE_ROOT;
		};
/* End PBXGroup section */

/* Begin PBXNativeTarget section */
		BF47C2E51AFB40DA00E3EA53 /* 新浪微博-03主框架 */ = {
			isa = PBXNativeTarget;
			buildConfigurationList = BF47C3121AFB40DA00E3EA53 /* Build configuration list for PBXNativeTarget "新浪微博-03主框架" */;
			buildPhases = (
				BF47C2E21AFB40DA00E3EA53 /* Sources */,
				BF47C2E31AFB40DA00E3EA53 /* Frameworks */,
				BF47C2E41AFB40DA00E3EA53 /* Resources */,
			);
			buildRules = (
			);
			dependencies = (
			);
			name = "新浪微博-03主框架";
			productName = "新浪微博-03主框架";
			productReference = BF47C2E61AFB40DA00E3EA53 /* 新浪微博-03主框架.app */;
			productType = "com.apple.product-type.application";
		};
		BF47C3001AFB40DA00E3EA53 /* 新浪微博-03主框架Tests */ = {
			isa = PBXNativeTarget;
			buildConfigurationList = BF47C3151AFB40DA00E3EA53 /* Build configuration list for PBXNativeTarget "新浪微博-03主框架Tests" */;
			buildPhases = (
				BF47C2FD1AFB40DA00E3EA53 /* Sources */,
				BF47C2FE1AFB40DA00E3EA53 /* Frameworks */,
				BF47C2FF1AFB40DA00E3EA53 /* Resources */,
			);
			buildRules = (
			);
			dependencies = (
				BF47C3071AFB40DA00E3EA53 /* PBXTargetDependency */,
			);
			name = "新浪微博-03主框架Tests";
			productName = "新浪微博-03主框架Tests";
			productReference = BF47C3011AFB40DA00E3EA53 /* 新浪微博-03主框架Tests.xctest */;
			productType = "com.apple.product-type.bundle.unit-test";
		};
/* End PBXNativeTarget section */

/* Begin PBXProject section */
		BF47C2DE1AFB40DA00E3EA53 /* Project object */ = {
			isa = PBXProject;
			attributes = {
				CLASSPREFIX = WB;
				LastUpgradeCheck = 0510;
				ORGANIZATIONNAME = com.bjsxt;
				TargetAttributes = {
					BF47C3001AFB40DA00E3EA53 = {
						TestTargetID = BF47C2E51AFB40DA00E3EA53;
					};
				};
			};
			buildConfigurationList = BF47C2E11AFB40DA00E3EA53 /* Build configuration list for PBXProject "新浪微博-03主框架" */;
			compatibilityVersion = "Xcode 3.2";
			developmentRegion = English;
			hasScannedForEncodings = 0;
			knownRegions = (
				en,
			);
			mainGroup = BF47C2DD1AFB40DA00E3EA53;
			productRefGroup = BF47C2E71AFB40DA00E3EA53 /* Products */;
			projectDirPath = "";
			projectRoot = "";
			targets = (
				BF47C2E51AFB40DA00E3EA53 /* 新浪微博-03主框架 */,
				BF47C3001AFB40DA00E3EA53 /* 新浪微博-03主框架Tests */,
			);
		};
/* End PBXProject section */

/* Begin PBXResourcesBuildPhase section */
		BF47C2E41AFB40DA00E3EA53 /* Resources */ = {
			isa = PBXResourcesBuildPhase;
			buildActionMask = 2147483647;
			files = (
				BF47C2F41AFB40DA00E3EA53 /* InfoPlist.strings in Resources */,
				BF47C2FC1AFB40DA00E3EA53 /* Images.xcassets in Resources */,
			);
			runOnlyForDeploymentPostprocessing = 0;
		};
		BF47C2FF1AFB40DA00E3EA53 /* Resources */ = {
			isa = PBXResourcesBuildPhase;
			buildActionMask = 2147483647;
			files = (
				BF47C30D1AFB40DA00E3EA53 /* InfoPlist.strings in Resources */,
			);
			runOnlyForDeploymentPostprocessing = 0;
		};
/* End PBXResourcesBuildPhase section */

/* Begin PBXSourcesBuildPhase section */
		BF47C2E21AFB40DA00E3EA53 /* Sources */ = {
			isa = PBXSourcesBuildPhase;
			buildActionMask = 2147483647;
			files = (
				BF47C2F61AFB40DA00E3EA53 /* main.m in Sources */,
				386F2EAD1B008FE100898E26 /* AccountManager.m in Sources */,
				386F2E7A1B003F3E00898E26 /* WBTitleButton.m in Sources */,
				BF2494801AFB589E00458AE2 /* WBTabbar.m in Sources */,
				386F2EA21B008FBB00898E26 /* AFHTTPSessionManager.m in Sources */,
				386F2E8B1B008FAD00898E26 /* Account.m in Sources */,
				386F2EA31B008FBB00898E26 /* AFNetworkReachabilityManager.m in Sources */,
				386F2EA01B008FBB00898E26 /* AFHTTPRequestOperation.m in Sources */,
				386F2EA61B008FBB00898E26 /* AFURLRequestSerialization.m in Sources */,
				386F2EB71B0097D600898E26 /* WBNewFeatureViewController.m in Sources */,
				386F2EA51B008FBB00898E26 /* AFURLConnectionOperation.m in Sources */,
				386F2EA81B008FBB00898E26 /* AFURLSessionManager.m in Sources */,
				BF47C3351AFB4E1E00E3EA53 /* WBDiscoveryTableViewController.m in Sources */,
				386F2E851B005E1500898E26 /* WBNavigationController.m in Sources */,
				BF940A3E1AFCD48A007B65F4 /* WBTabBarViewController.m in Sources */,
				BF940A3D1AFCD48A007B65F4 /* WBTabbarButton.m in Sources */,
				386F2EB11B00900F00898E26 /* OAuth2ViewController.m in Sources */,
				BF47C3201AFB471000E3EA53 /* WBMessageTableViewController.m in Sources */,
				386F2E881B008DB000898E26 /* WBSearchBar.m in Sources */,
				386F2E7D1B0055D400898E26 /* UIBarButtonItem+custom.m in Sources */,
				BF47C2FA1AFB40DA00E3EA53 /* WBAppDelegate.m in Sources */,
				BF940A3C1AFCD48A007B65F4 /* WBBadgeButton.m in Sources */,
				386F2EA41B008FBB00898E26 /* AFSecurityPolicy.m in Sources */,
				386F2EB41B00901C00898E26 /* SinaAPIConstant.m in Sources */,
				BF47C31D1AFB46F700E3EA53 /* WBHomeTableViewController.m in Sources */,
				386F2EA11B008FBB00898E26 /* AFHTTPRequestOperationManager.m in Sources */,
				BF47C3321AFB4E0600E3EA53 /* WBProfileTableViewController.m in Sources */,
				386F2EA71B008FBB00898E26 /* AFURLResponseSerialization.m in Sources */,
			);
			runOnlyForDeploymentPostprocessing = 0;
		};
		BF47C2FD1AFB40DA00E3EA53 /* Sources */ = {
			isa = PBXSourcesBuildPhase;
			buildActionMask = 2147483647;
			files = (
				BF47C30F1AFB40DA00E3EA53 /* _____03___Tests.m in Sources */,
			);
			runOnlyForDeploymentPostprocessing = 0;
		};
/* End PBXSourcesBuildPhase section */

/* Begin PBXTargetDependency section */
		BF47C3071AFB40DA00E3EA53 /* PBXTargetDependency */ = {
			isa = PBXTargetDependency;
			target = BF47C2E51AFB40DA00E3EA53 /* 新浪微博-03主框架 */;
			targetProxy = BF47C3061AFB40DA00E3EA53 /* PBXContainerItemProxy */;
		};
/* End PBXTargetDependency section */

/* Begin PBXVariantGroup section */
		BF47C2F21AFB40DA00E3EA53 /* InfoPlist.strings */ = {
			isa = PBXVariantGroup;
			children = (
				BF47C2F31AFB40DA00E3EA53 /* en */,
			);
			name = InfoPlist.strings;
			sourceTree = "<group>";
		};
		BF47C30B1AFB40DA00E3EA53 /* InfoPlist.strings */ = {
			isa = PBXVariantGroup;
			children = (
				BF47C30C1AFB40DA00E3EA53 /* en */,
			);
			name = InfoPlist.strings;
			sourceTree = "<group>";
		};
/* End PBXVariantGroup section */

/* Begin XCBuildConfiguration section */
		BF47C3101AFB40DA00E3EA53 /* Debug */ = {
			isa = XCBuildConfiguration;
			buildSettings = {
				ALWAYS_SEARCH_USER_PATHS = NO;
				CLANG_CXX_LANGUAGE_STANDARD = "gnu++0x";
				CLANG_CXX_LIBRARY = "libc++";
				CLANG_ENABLE_MODULES = YES;
				CLANG_ENABLE_OBJC_ARC = YES;
				CLANG_WARN_BOOL_CONVERSION = YES;
				CLANG_WARN_CONSTANT_CONVERSION = YES;
				CLANG_WARN_DIRECT_OBJC_ISA_USAGE = YES_ERROR;
				CLANG_WARN_EMPTY_BODY = YES;
				CLANG_WARN_ENUM_CONVERSION = YES;
				CLANG_WARN_INT_CONVERSION = YES;
				CLANG_WARN_OBJC_ROOT_CLASS = YES_ERROR;
				CLANG_WARN__DUPLICATE_METHOD_MATCH = YES;
				"CODE_SIGN_IDENTITY[sdk=iphoneos*]" = "iPhone Developer";
				COPY_PHASE_STRIP = NO;
				GCC_C_LANGUAGE_STANDARD = gnu99;
				GCC_DYNAMIC_NO_PIC = NO;
				GCC_OPTIMIZATION_LEVEL = 0;
				GCC_PREPROCESSOR_DEFINITIONS = (
					"DEBUG=1",
					"$(inherited)",
				);
				GCC_SYMBOLS_PRIVATE_EXTERN = NO;
				GCC_WARN_64_TO_32_BIT_CONVERSION = YES;
				GCC_WARN_ABOUT_RETURN_TYPE = YES_ERROR;
				GCC_WARN_UNDECLARED_SELECTOR = YES;
				GCC_WARN_UNINITIALIZED_AUTOS = YES_AGGRESSIVE;
				GCC_WARN_UNUSED_FUNCTION = YES;
				GCC_WARN_UNUSED_VARIABLE = YES;
				IPHONEOS_DEPLOYMENT_TARGET = 7.1;
				ONLY_ACTIVE_ARCH = YES;
				SDKROOT = iphoneos;
			};
			name = Debug;
		};
		BF47C3111AFB40DA00E3EA53 /* Release */ = {
			isa = XCBuildConfiguration;
			buildSettings = {
				ALWAYS_SEARCH_USER_PATHS = NO;
				CLANG_CXX_LANGUAGE_STANDARD = "gnu++0x";
				CLANG_CXX_LIBRARY = "libc++";
				CLANG_ENABLE_MODULES = YES;
				CLANG_ENABLE_OBJC_ARC = YES;
				CLANG_WARN_BOOL_CONVERSION = YES;
				CLANG_WARN_CONSTANT_CONVERSION = YES;
				CLANG_WARN_DIRECT_OBJC_ISA_USAGE = YES_ERROR;
				CLANG_WARN_EMPTY_BODY = YES;
				CLANG_WARN_ENUM_CONVERSION = YES;
				CLANG_WARN_INT_CONVERSION = YES;
				CLANG_WARN_OBJC_ROOT_CLASS = YES_ERROR;
				CLANG_WARN__DUPLICATE_METHOD_MATCH = YES;
				"CODE_SIGN_IDENTITY[sdk=iphoneos*]" = "iPhone Developer";
				COPY_PHASE_STRIP = YES;
				ENABLE_NS_ASSERTIONS = NO;
				GCC_C_LANGUAGE_STANDARD = gnu99;
				GCC_WARN_64_TO_32_BIT_CONVERSION = YES;
				GCC_WARN_ABOUT_RETURN_TYPE = YES_ERROR;
				GCC_WARN_UNDECLARED_SELECTOR = YES;
				GCC_WARN_UNINITIALIZED_AUTOS = YES_AGGRESSIVE;
				GCC_WARN_UNUSED_FUNCTION = YES;
				GCC_WARN_UNUSED_VARIABLE = YES;
				IPHONEOS_DEPLOYMENT_TARGET = 7.1;
				SDKROOT = iphoneos;
				VALIDATE_PRODUCT = YES;
			};
			name = Release;
		};
		BF47C3131AFB40DA00E3EA53 /* Debug */ = {
			isa = XCBuildConfiguration;
			buildSettings = {
				ASSETCATALOG_COMPILER_APPICON_NAME = AppIcon;
				ASSETCATALOG_COMPILER_LAUNCHIMAGE_NAME = LaunchImage;
				GCC_PRECOMPILE_PREFIX_HEADER = YES;
				GCC_PREFIX_HEADER = "新浪微博-03主框架/新浪微博-03主框架-Prefix.pch";
				INFOPLIST_FILE = "新浪微博-03主框架/新浪微博-03主框架-Info.plist";
				PRODUCT_NAME = "$(TARGET_NAME)";
				WRAPPER_EXTENSION = app;
			};
			name = Debug;
		};
		BF47C3141AFB40DA00E3EA53 /* Release */ = {
			isa = XCBuildConfiguration;
			buildSettings = {
				ASSETCATALOG_COMPILER_APPICON_NAME = AppIcon;
				ASSETCATALOG_COMPILER_LAUNCHIMAGE_NAME = LaunchImage;
				GCC_PRECOMPILE_PREFIX_HEADER = YES;
				GCC_PREFIX_HEADER = "新浪微博-03主框架/新浪微博-03主框架-Prefix.pch";
				INFOPLIST_FILE = "新浪微博-03主框架/新浪微博-03主框架-Info.plist";
				PRODUCT_NAME = "$(TARGET_NAME)";
				WRAPPER_EXTENSION = app;
			};
			name = Release;
		};
		BF47C3161AFB40DA00E3EA53 /* Debug */ = {
			isa = XCBuildConfiguration;
			buildSettings = {
				BUNDLE_LOADER = "$(BUILT_PRODUCTS_DIR)/新浪微博-03主框架.app/新浪微博-03主框架";
				FRAMEWORK_SEARCH_PATHS = (
					"$(SDKROOT)/Developer/Library/Frameworks",
					"$(inherited)",
					"$(DEVELOPER_FRAMEWORKS_DIR)",
				);
				GCC_PRECOMPILE_PREFIX_HEADER = YES;
				GCC_PREFIX_HEADER = "新浪微博-03主框架/新浪微博-03主框架-Prefix.pch";
				GCC_PREPROCESSOR_DEFINITIONS = (
					"DEBUG=1",
					"$(inherited)",
				);
				INFOPLIST_FILE = "新浪微博-03主框架Tests/新浪微博-03主框架Tests-Info.plist";
				PRODUCT_NAME = "$(TARGET_NAME)";
				TEST_HOST = "$(BUNDLE_LOADER)";
				WRAPPER_EXTENSION = xctest;
			};
			name = Debug;
		};
		BF47C3171AFB40DA00E3EA53 /* Release */ = {
			isa = XCBuildConfiguration;
			buildSettings = {
				BUNDLE_LOADER = "$(BUILT_PRODUCTS_DIR)/新浪微博-03主框架.app/新浪微博-03主框架";
				FRAMEWORK_SEARCH_PATHS = (
					"$(SDKROOT)/Developer/Library/Frameworks",
					"$(inherited)",
					"$(DEVELOPER_FRAMEWORKS_DIR)",
				);
				GCC_PRECOMPILE_PREFIX_HEADER = YES;
				GCC_PREFIX_HEADER = "新浪微博-03主框架/新浪微博-03主框架-Prefix.pch";
				INFOPLIST_FILE = "新浪微博-03主框架Tests/新浪微博-03主框架Tests-Info.plist";
				PRODUCT_NAME = "$(TARGET_NAME)";
				TEST_HOST = "$(BUNDLE_LOADER)";
				WRAPPER_EXTENSION = xctest;
			};
			name = Release;
		};
/* End XCBuildConfiguration section */

/* Begin XCConfigurationList section */
		BF47C2E11AFB40DA00E3EA53 /* Build configuration list for PBXProject "新浪微博-03主框架" */ = {
			isa = XCConfigurationList;
			buildConfigurations = (
				BF47C3101AFB40DA00E3EA53 /* Debug */,
				BF47C3111AFB40DA00E3EA53 /* Release */,
			);
			defaultConfigurationIsVisible = 0;
			defaultConfigurationName = Release;
		};
		BF47C3121AFB40DA00E3EA53 /* Build configuration list for PBXNativeTarget "新浪微博-03主框架" */ = {
			isa = XCConfigurationList;
			buildConfigurations = (
				BF47C3131AFB40DA00E3EA53 /* Debug */,
				BF47C3141AFB40DA00E3EA53 /* Release */,
			);
			defaultConfigurationIsVisible = 0;
			defaultConfigurationName = Release;
		};
		BF47C3151AFB40DA00E3EA53 /* Build configuration list for PBXNativeTarget "新浪微博-03主框架Tests" */ = {
			isa = XCConfigurationList;
			buildConfigurations = (
				BF47C3161AFB40DA00E3EA53 /* Debug */,
				BF47C3171AFB40DA00E3EA53 /* Release */,
			);
			defaultConfigurationIsVisible = 0;
			defaultConfigurationName = Release;
		};
/* End XCConfigurationList section */
	};
	rootObject = BF47C2DE1AFB40DA00E3EA53 /* Project object */;
}
